// !$*UTF8*$!
{
	archiveVersion = 1;
	classes = {
	};
	objectVersion = 48;
	objects = {

/* Begin PBXBuildFile section */
		E837883920775FB900CCF15C /* AppDelegate.swift in Sources */ = {isa = PBXBuildFile; fileRef = E837883820775FB900CCF15C /* AppDelegate.swift */; };
		E837883B20775FB900CCF15C /* ViewController.swift in Sources */ = {isa = PBXBuildFile; fileRef = E837883A20775FB900CCF15C /* ViewController.swift */; };
		E837883E20775FB900CCF15C /* Main.storyboard in Resources */ = {isa = PBXBuildFile; fileRef = E837883C20775FB900CCF15C /* Main.storyboard */; };
		E837884020775FB900CCF15C /* Assets.xcassets in Resources */ = {isa = PBXBuildFile; fileRef = E837883F20775FB900CCF15C /* Assets.xcassets */; };
		E837884320775FB900CCF15C /* LaunchScreen.storyboard in Resources */ = {isa = PBXBuildFile; fileRef = E837884120775FB900CCF15C /* LaunchScreen.storyboard */; };
		E837884E20775FB900CCF15C /* SDSU_Class_RegistrationTests.swift in Sources */ = {isa = PBXBuildFile; fileRef = E837884D20775FB900CCF15C /* SDSU_Class_RegistrationTests.swift */; };
		E837885920775FB900CCF15C /* SDSU_Class_RegistrationUITests.swift in Sources */ = {isa = PBXBuildFile; fileRef = E837885820775FB900CCF15C /* SDSU_Class_RegistrationUITests.swift */; };
/* End PBXBuildFile section */

/* Begin PBXContainerItemProxy section */
		E837884A20775FB900CCF15C /* PBXContainerItemProxy */ = {
			isa = PBXContainerItemProxy;
			containerPortal = E837882D20775FB800CCF15C /* Project object */;
			proxyType = 1;
			remoteGlobalIDString = E837883420775FB800CCF15C;
			remoteInfo = "SDSU Class Registration";
		};
		E837885520775FB900CCF15C /* PBXContainerItemProxy */ = {
			isa = PBXContainerItemProxy;
			containerPortal = E837882D20775FB800CCF15C /* Project object */;
			proxyType = 1;
			remoteGlobalIDString = E837883420775FB800CCF15C;
			remoteInfo = "SDSU Class Registration";
		};
/* End PBXContainerItemProxy section */

/* Begin PBXFileReference section */
		E837883520775FB800CCF15C /* SDSU Class Registration.app */ = {isa = PBXFileReference; explicitFileType = wrapper.application; includeInIndex = 0; path = "SDSU Class Registration.app"; sourceTree = BUILT_PRODUCTS_DIR; };
		E837883820775FB900CCF15C /* AppDelegate.swift */ = {isa = PBXFileReference; lastKnownFileType = sourcecode.swift; path = AppDelegate.swift; sourceTree = "<group>"; };
		E837883A20775FB900CCF15C /* ViewController.swift */ = {isa = PBXFileReference; lastKnownFileType = sourcecode.swift; path = ViewController.swift; sourceTree = "<group>"; };
		E837883D20775FB900CCF15C /* Base */ = {isa = PBXFileReference; lastKnownFileType = file.storyboard; name = Base; path = Base.lproj/Main.storyboard; sourceTree = "<group>"; };
		E837883F20775FB900CCF15C /* Assets.xcassets */ = {isa = PBXFileReference; lastKnownFileType = folder.assetcatalog; path = Assets.xcassets; sourceTree = "<group>"; };
		E837884220775FB900CCF15C /* Base */ = {isa = PBXFileReference; lastKnownFileType = file.storyboard; name = Base; path = Base.lproj/LaunchScreen.storyboard; sourceTree = "<group>"; };
		E837884420775FB900CCF15C /* Info.plist */ = {isa = PBXFileReference; lastKnownFileType = text.plist.xml; path = Info.plist; sourceTree = "<group>"; };
		E837884920775FB900CCF15C /* SDSU Class RegistrationTests.xctest */ = {isa = PBXFileReference; explicitFileType = wrapper.cfbundle; includeInIndex = 0; path = "SDSU Class RegistrationTests.xctest"; sourceTree = BUILT_PRODUCTS_DIR; };
		E837884D20775FB900CCF15C /* SDSU_Class_RegistrationTests.swift */ = {isa = PBXFileReference; lastKnownFileType = sourcecode.swift; path = SDSU_Class_RegistrationTests.swift; sourceTree = "<group>"; };
		E837884F20775FB900CCF15C /* Info.plist */ = {isa = PBXFileReference; lastKnownFileType = text.plist.xml; path = Info.plist; sourceTree = "<group>"; };
		E837885420775FB900CCF15C /* SDSU Class RegistrationUITests.xctest */ = {isa = PBXFileReference; explicitFileType = wrapper.cfbundle; includeInIndex = 0; path = "SDSU Class RegistrationUITests.xctest"; sourceTree = BUILT_PRODUCTS_DIR; };
		E837885820775FB900CCF15C /* SDSU_Class_RegistrationUITests.swift */ = {isa = PBXFileReference; lastKnownFileType = sourcecode.swift; path = SDSU_Class_RegistrationUITests.swift; sourceTree = "<group>"; };
		E837885A20775FB900CCF15C /* Info.plist */ = {isa = PBXFileReference; lastKnownFileType = text.plist.xml; path = Info.plist; sourceTree = "<group>"; };
/* End PBXFileReference section */

/* Begin PBXFrameworksBuildPhase section */
		E837883220775FB800CCF15C /* Frameworks */ = {
			isa = PBXFrameworksBuildPhase;
			buildActionMask = 2147483647;
			files = (
			);
			runOnlyForDeploymentPostprocessing = 0;
		};
		E837884620775FB900CCF15C /* Frameworks */ = {
			isa = PBXFrameworksBuildPhase;
			buildActionMask = 2147483647;
			files = (
			);
			runOnlyForDeploymentPostprocessing = 0;
		};
		E837885120775FB900CCF15C /* Frameworks */ = {
			isa = PBXFrameworksBuildPhase;
			buildActionMask = 2147483647;
			files = (
			);
			runOnlyForDeploymentPostprocessing = 0;
		};
/* End PBXFrameworksBuildPhase section */

/* Begin PBXGroup section */
		E837882C20775FB800CCF15C = {
			isa = PBXGroup;
			children = (
				E837883720775FB800CCF15C /* SDSU Class Registration */,
				E837884C20775FB900CCF15C /* SDSU Class RegistrationTests */,
				E837885720775FB900CCF15C /* SDSU Class RegistrationUITests */,
				E837883620775FB800CCF15C /* Products */,
			);
			sourceTree = "<group>";
		};
		E837883620775FB800CCF15C /* Products */ = {
			isa = PBXGroup;
			children = (
				E837883520775FB800CCF15C /* SDSU Class Registration.app */,
				E837884920775FB900CCF15C /* SDSU Class RegistrationTests.xctest */,
				E837885420775FB900CCF15C /* SDSU Class RegistrationUITests.xctest */,
			);
			name = Products;
			sourceTree = "<group>";
		};
		E837883720775FB800CCF15C /* SDSU Class Registration */ = {
			isa = PBXGroup;
			children = (
				E837883820775FB900CCF15C /* AppDelegate.swift */,
				E837883A20775FB900CCF15C /* ViewController.swift */,
				E837883C20775FB900CCF15C /* Main.storyboard */,
				E837883F20775FB900CCF15C /* Assets.xcassets */,
				E837884120775FB900CCF15C /* LaunchScreen.storyboard */,
				E837884420775FB900CCF15C /* Info.plist */,
			);
			path = "SDSU Class Registration";
			sourceTree = "<group>";
		};
		E837884C20775FB900CCF15C /* SDSU Class RegistrationTests */ = {
			isa = PBXGroup;
			children = (
				E837884D20775FB900CCF15C /* SDSU_Class_RegistrationTests.swift */,
				E837884F20775FB900CCF15C /* Info.plist */,
			);
			path = "SDSU Class RegistrationTests";
			sourceTree = "<group>";
		};
		E837885720775FB900CCF15C /* SDSU Class RegistrationUITests */ = {
			isa = PBXGroup;
			children = (
				E837885820775FB900CCF15C /* SDSU_Class_RegistrationUITests.swift */,
				E837885A20775FB900CCF15C /* Info.plist */,
			);
			path = "SDSU Class RegistrationUITests";
			sourceTree = "<group>";
		};
/* End PBXGroup section */

/* Begin PBXNativeTarget section */
		E837883420775FB800CCF15C /* SDSU Class Registration */ = {
			isa = PBXNativeTarget;
			buildConfigurationList = E837885D20775FB900CCF15C /* Build configuration list for PBXNativeTarget "SDSU Class Registration" */;
			buildPhases = (
				E837883120775FB800CCF15C /* Sources */,
				E837883220775FB800CCF15C /* Frameworks */,
				E837883320775FB800CCF15C /* Resources */,
			);
			buildRules = (
			);
			dependencies = (
			);
			name = "SDSU Class Registration";
			productName = "SDSU Class Registration";
			productReference = E837883520775FB800CCF15C /* SDSU Class Registration.app */;
			productType = "com.apple.product-type.application";
		};
		E837884820775FB900CCF15C /* SDSU Class RegistrationTests */ = {
			isa = PBXNativeTarget;
			buildConfigurationList = E837886020775FB900CCF15C /* Build configuration list for PBXNativeTarget "SDSU Class RegistrationTests" */;
			buildPhases = (
				E837884520775FB900CCF15C /* Sources */,
				E837884620775FB900CCF15C /* Frameworks */,
				E837884720775FB900CCF15C /* Resources */,
			);
			buildRules = (
			);
			dependencies = (
				E837884B20775FB900CCF15C /* PBXTargetDependency */,
			);
			name = "SDSU Class RegistrationTests";
			productName = "SDSU Class RegistrationTests";
			productReference = E837884920775FB900CCF15C /* SDSU Class RegistrationTests.xctest */;
			productType = "com.apple.product-type.bundle.unit-test";
		};
		E837885320775FB900CCF15C /* SDSU Class RegistrationUITests */ = {
			isa = PBXNativeTarget;
			buildConfigurationList = E837886320775FB900CCF15C /* Build configuration list for PBXNativeTarget "SDSU Class RegistrationUITests" */;
			buildPhases = (
				E837885020775FB900CCF15C /* Sources */,
				E837885120775FB900CCF15C /* Frameworks */,
				E837885220775FB900CCF15C /* Resources */,
			);
			buildRules = (
			);
			dependencies = (
				E837885620775FB900CCF15C /* PBXTargetDependency */,
			);
			name = "SDSU Class RegistrationUITests";
			productName = "SDSU Class RegistrationUITests";
			productReference = E837885420775FB900CCF15C /* SDSU Class RegistrationUITests.xctest */;
			productType = "com.apple.product-type.bundle.ui-testing";
		};
/* End PBXNativeTarget section */

/* Begin PBXProject section */
		E837882D20775FB800CCF15C /* Project object */ = {
			isa = PBXProject;
			attributes = {
				LastSwiftUpdateCheck = 0920;
				LastUpgradeCheck = 0920;
				ORGANIZATIONNAME = "Vyshak Athreya B K";
				TargetAttributes = {
					E837883420775FB800CCF15C = {
						CreatedOnToolsVersion = 9.2;
						ProvisioningStyle = Automatic;
					};
					E837884820775FB900CCF15C = {
						CreatedOnToolsVersion = 9.2;
						ProvisioningStyle = Automatic;
						TestTargetID = E837883420775FB800CCF15C;
					};
					E837885320775FB900CCF15C = {
						CreatedOnToolsVersion = 9.2;
						ProvisioningStyle = Automatic;
						TestTargetID = E837883420775FB800CCF15C;
					};
				};
			};
			buildConfigurationList = E837883020775FB800CCF15C /* Build configuration list for PBXProject "SDSU Class Registration" */;
			compatibilityVersion = "Xcode 8.0";
			developmentRegion = en;
			hasScannedForEncodings = 0;
			knownRegions = (
				en,
				Base,
			);
			mainGroup = E837882C20775FB800CCF15C;
			productRefGroup = E837883620775FB800CCF15C /* Products */;
			projectDirPath = "";
			projectRoot = "";
			targets = (
				E837883420775FB800CCF15C /* SDSU Class Registration */,
				E837884820775FB900CCF15C /* SDSU Class RegistrationTests */,
				E837885320775FB900CCF15C /* SDSU Class RegistrationUITests */,
			);
		};
/* End PBXProject section */

/* Begin PBXResourcesBuildPhase section */
		E837883320775FB800CCF15C /* Resources */ = {
			isa = PBXResourcesBuildPhase;
			buildActionMask = 2147483647;
			files = (
				E837884320775FB900CCF15C /* LaunchScreen.storyboard in Resources */,
				E837884020775FB900CCF15C /* Assets.xcassets in Resources */,
				E837883E20775FB900CCF15C /* Main.storyboard in Resources */,
			);
			runOnlyForDeploymentPostprocessing = 0;
		};
		E837884720775FB900CCF15C /* Resources */ = {
			isa = PBXResourcesBuildPhase;
			buildActionMask = 2147483647;
			files = (
			);
			runOnlyForDeploymentPostprocessing = 0;
		};
		E837885220775FB900CCF15C /* Resources */ = {
			isa = PBXResourcesBuildPhase;
			buildActionMask = 2147483647;
			files = (
			);
			runOnlyForDeploymentPostprocessing = 0;
		};
/* End PBXResourcesBuildPhase section */

/* Begin PBXSourcesBuildPhase section */
		E837883120775FB800CCF15C /* Sources */ = {
			isa = PBXSourcesBuildPhase;
			buildActionMask = 2147483647;
			files = (
				E837883B20775FB900CCF15C /* ViewController.swift in Sources */,
				E837883920775FB900CCF15C /* AppDelegate.swift in Sources */,
			);
			runOnlyForDeploymentPostprocessing = 0;
		};
		E837884520775FB900CCF15C /* Sources */ = {
			isa = PBXSourcesBuildPhase;
			buildActionMask = 2147483647;
			files = (
				E837884E20775FB900CCF15C /* SDSU_Class_RegistrationTests.swift in Sources */,
			);
			runOnlyForDeploymentPostprocessing = 0;
		};
		E837885020775FB900CCF15C /* Sources */ = {
			isa = PBXSourcesBuildPhase;
			buildActionMask = 2147483647;
			files = (
				E837885920775FB900CCF15C /* SDSU_Class_RegistrationUITests.swift in Sources */,
			);
			runOnlyForDeploymentPostprocessing = 0;
		};
/* End PBXSourcesBuildPhase section */

/* Begin PBXTargetDependency section */
		E837884B20775FB900CCF15C /* PBXTargetDependency */ = {
			isa = PBXTargetDependency;
			target = E837883420775FB800CCF15C /* SDSU Class Registration */;
			targetProxy = E837884A20775FB900CCF15C /* PBXContainerItemProxy */;
		};
		E837885620775FB900CCF15C /* PBXTargetDependency */ = {
			isa = PBXTargetDependency;
			target = E837883420775FB800CCF15C /* SDSU Class Registration */;
			targetProxy = E837885520775FB900CCF15C /* PBXContainerItemProxy */;
		};
/* End PBXTargetDependency section */

/* Begin PBXVariantGroup section */
		E837883C20775FB900CCF15C /* Main.storyboard */ = {
			isa = PBXVariantGroup;
			children = (
				E837883D20775FB900CCF15C /* Base */,
			);
			name = Main.storyboard;
			sourceTree = "<group>";
		};
		E837884120775FB900CCF15C /* LaunchScreen.storyboard */ = {
			isa = PBXVariantGroup;
			children = (
				E837884220775FB900CCF15C /* Base */,
			);
			name = LaunchScreen.storyboard;
			sourceTree = "<group>";
		};
/* End PBXVariantGroup section */

/* Begin XCBuildConfiguration section */
		E837885B20775FB900CCF15C /* Debug */ = {
			isa = XCBuildConfiguration;
			buildSettings = {
				ALWAYS_SEARCH_USER_PATHS = NO;
				CLANG_ANALYZER_NONNULL = YES;
				CLANG_ANALYZER_NUMBER_OBJECT_CONVERSION = YES_AGGRESSIVE;
				CLANG_CXX_LANGUAGE_STANDARD = "gnu++14";
				CLANG_CXX_LIBRARY = "libc++";
				CLANG_ENABLE_MODULES = YES;
				CLANG_ENABLE_OBJC_ARC = YES;
				CLANG_WARN_BLOCK_CAPTURE_AUTORELEASING = YES;
				CLANG_WARN_BOOL_CONVERSION = YES;
				CLANG_WARN_COMMA = YES;
				CLANG_WARN_CONSTANT_CONVERSION = YES;
				CLANG_WARN_DIRECT_OBJC_ISA_USAGE = YES_ERROR;
				CLANG_WARN_DOCUMENTATION_COMMENTS = YES;
				CLANG_WARN_EMPTY_BODY = YES;
				CLANG_WARN_ENUM_CONVERSION = YES;
				CLANG_WARN_INFINITE_RECURSION = YES;
				CLANG_WARN_INT_CONVERSION = YES;
				CLANG_WARN_NON_LITERAL_NULL_CONVERSION = YES;
				CLANG_WARN_OBJC_LITERAL_CONVERSION = YES;
				CLANG_WARN_OBJC_ROOT_CLASS = YES_ERROR;
				CLANG_WARN_RANGE_LOOP_ANALYSIS = YES;
				CLANG_WARN_STRICT_PROTOTYPES = YES;
				CLANG_WARN_SUSPICIOUS_MOVE = YES;
				CLANG_WARN_UNGUARDED_AVAILABILITY = YES_AGGRESSIVE;
				CLANG_WARN_UNREACHABLE_CODE = YES;
				CLANG_WARN__DUPLICATE_METHOD_MATCH = YES;
				CODE_SIGN_IDENTITY = "iPhone Developer";
				COPY_PHASE_STRIP = NO;
				DEBUG_INFORMATION_FORMAT = dwarf;
				ENABLE_STRICT_OBJC_MSGSEND = YES;
				ENABLE_TESTABILITY = YES;
				GCC_C_LANGUAGE_STANDARD = gnu11;
				GCC_DYNAMIC_NO_PIC = NO;
				GCC_NO_COMMON_BLOCKS = YES;
				GCC_OPTIMIZATION_LEVEL = 0;
				GCC_PREPROCESSOR_DEFINITIONS = (
					"DEBUG=1",
					"$(inherited)",
				);
				GCC_WARN_64_TO_32_BIT_CONVERSION = YES;
				GCC_WARN_ABOUT_RETURN_TYPE = YES_ERROR;
				GCC_WARN_UNDECLARED_SELECTOR = YES;
				GCC_WARN_UNINITIALIZED_AUTOS = YES_AGGRESSIVE;
				GCC_WARN_UNUSED_FUNCTION = YES;
				GCC_WARN_UNUSED_VARIABLE = YES;
				IPHONEOS_DEPLOYMENT_TARGET = 11.2;
				MTL_ENABLE_DEBUG_INFO = YES;
				ONLY_ACTIVE_ARCH = YES;
				SDKROOT = iphoneos;
				SWIFT_ACTIVE_COMPILATION_CONDITIONS = DEBUG;
				SWIFT_OPTIMIZATION_LEVEL = "-Onone";
			};
			name = Debug;
		};
		E837885C20775FB900CCF15C /* Release */ = {
			isa = XCBuildConfiguration;
			buildSettings = {
				ALWAYS_SEARCH_USER_PATHS = NO;
				CLANG_ANALYZER_NONNULL = YES;
				CLANG_ANALYZER_NUMBER_OBJECT_CONVERSION = YES_AGGRESSIVE;
				CLANG_CXX_LANGUAGE_STANDARD = "gnu++14";
				CLANG_CXX_LIBRARY = "libc++";
				CLANG_ENABLE_MODULES = YES;
				CLANG_ENABLE_OBJC_ARC = YES;
				CLANG_WARN_BLOCK_CAPTURE_AUTORELEASING = YES;
				CLANG_WARN_BOOL_CONVERSION = YES;
				CLANG_WARN_COMMA = YES;
				CLANG_WARN_CONSTANT_CONVERSION = YES;
				CLANG_WARN_DIRECT_OBJC_ISA_USAGE = YES_ERROR;
				CLANG_WARN_DOCUMENTATION_COMMENTS = YES;
				CLANG_WARN_EMPTY_BODY = YES;
				CLANG_WARN_ENUM_CONVERSION = YES;
				CLANG_WARN_INFINITE_RECURSION = YES;
				CLANG_WARN_INT_CONVERSION = YES;
				CLANG_WARN_NON_LITERAL_NULL_CONVERSION = YES;
				CLANG_WARN_OBJC_LITERAL_CONVERSION = YES;
				CLANG_WARN_OBJC_ROOT_CLASS = YES_ERROR;
				CLANG_WARN_RANGE_LOOP_ANALYSIS = YES;
				CLANG_WARN_STRICT_PROTOTYPES = YES;
				CLANG_WARN_SUSPICIOUS_MOVE = YES;
				CLANG_WARN_UNGUARDED_AVAILABILITY = YES_AGGRESSIVE;
				CLANG_WARN_UNREACHABLE_CODE = YES;
				CLANG_WARN__DUPLICATE_METHOD_MATCH = YES;
				CODE_SIGN_IDENTITY = "iPhone Developer";
				COPY_PHASE_STRIP = NO;
				DEBUG_INFORMATION_FORMAT = "dwarf-with-dsym";
				ENABLE_NS_ASSERTIONS = NO;
				ENABLE_STRICT_OBJC_MSGSEND = YES;
				GCC_C_LANGUAGE_STANDARD = gnu11;
				GCC_NO_COMMON_BLOCKS = YES;
				GCC_WARN_64_TO_32_BIT_CONVERSION = YES;
				GCC_WARN_ABOUT_RETURN_TYPE = YES_ERROR;
				GCC_WARN_UNDECLARED_SELECTOR = YES;
				GCC_WARN_UNINITIALIZED_AUTOS = YES_AGGRESSIVE;
				GCC_WARN_UNUSED_FUNCTION = YES;
				GCC_WARN_UNUSED_VARIABLE = YES;
				IPHONEOS_DEPLOYMENT_TARGET = 11.2;
				MTL_ENABLE_DEBUG_INFO = NO;
				SDKROOT = iphoneos;
				SWIFT_OPTIMIZATION_LEVEL = "-Owholemodule";
				VALIDATE_PRODUCT = YES;
			};
			name = Release;
		};
		E837885E20775FB900CCF15C /* Debug */ = {
			isa = XCBuildConfiguration;
			buildSettings = {
				ASSETCATALOG_COMPILER_APPICON_NAME = AppIcon;
				CODE_SIGN_STYLE = Automatic;
				INFOPLIST_FILE = "SDSU Class Registration/Info.plist";
				LD_RUNPATH_SEARCH_PATHS = "$(inherited) @executable_path/Frameworks";
				PRODUCT_BUNDLE_IDENTIFIER = "edu.sdsu.vyshak.SDSU-Class-Registration";
				PRODUCT_NAME = "$(TARGET_NAME)";
				SWIFT_VERSION = 4.0;
				TARGETED_DEVICE_FAMILY = "1,2";
			};
			name = Debug;
		};
		E837885F20775FB900CCF15C /* Release */ = {
			isa = XCBuildConfiguration;
			buildSettings = {
				ASSETCATALOG_COMPILER_APPICON_NAME = AppIcon;
				CODE_SIGN_STYLE = Automatic;
				INFOPLIST_FILE = "SDSU Class Registration/Info.plist";
				LD_RUNPATH_SEARCH_PATHS = "$(inherited) @executable_path/Frameworks";
				PRODUCT_BUNDLE_IDENTIFIER = "edu.sdsu.vyshak.SDSU-Class-Registration";
				PRODUCT_NAME = "$(TARGET_NAME)";
				SWIFT_VERSION = 4.0;
				TARGETED_DEVICE_FAMILY = "1,2";
			};
			name = Release;
		};
		E837886120775FB900CCF15C /* Debug */ = {
			isa = XCBuildConfiguration;
			buildSettings = {
				ALWAYS_EMBED_SWIFT_STANDARD_LIBRARIES = YES;
				BUNDLE_LOADER = "$(TEST_HOST)";
				CODE_SIGN_STYLE = Automatic;
				INFOPLIST_FILE = "SDSU Class RegistrationTests/Info.plist";
				LD_RUNPATH_SEARCH_PATHS = "$(inherited) @executable_path/Frameworks @loader_path/Frameworks";
				PRODUCT_BUNDLE_IDENTIFIER = "edu.sdsu.vyshak.SDSU-Class-RegistrationTests";
				PRODUCT_NAME = "$(TARGET_NAME)";
				SWIFT_VERSION = 4.0;
				TARGETED_DEVICE_FAMILY = "1,2";
				TEST_HOST = "$(BUILT_PRODUCTS_DIR)/SDSU Class Registration.app/SDSU Class Registration";
			};
			name = Debug;
		};
		E837886220775FB900CCF15C /* Release */ = {
			isa = XCBuildConfiguration;
			buildSettings = {
				ALWAYS_EMBED_SWIFT_STANDARD_LIBRARIES = YES;
				BUNDLE_LOADER = "$(TEST_HOST)";
				CODE_SIGN_STYLE = Automatic;
				INFOPLIST_FILE = "SDSU Class RegistrationTests/Info.plist";
				LD_RUNPATH_SEARCH_PATHS = "$(inherited) @executable_path/Frameworks @loader_path/Frameworks";
				PRODUCT_BUNDLE_IDENTIFIER = "edu.sdsu.vyshak.SDSU-Class-RegistrationTests";
				PRODUCT_NAME = "$(TARGET_NAME)";
				SWIFT_VERSION = 4.0;
				TARGETED_DEVICE_FAMILY = "1,2";
				TEST_HOST = "$(BUILT_PRODUCTS_DIR)/SDSU Class Registration.app/SDSU Class Registration";
			};
			name = Release;
		};
		E837886420775FB900CCF15C /* Debug */ = {
			isa = XCBuildConfiguration;
			buildSettings = {
				ALWAYS_EMBED_SWIFT_STANDARD_LIBRARIES = YES;
				CODE_SIGN_STYLE = Automatic;
				INFOPLIST_FILE = "SDSU Class RegistrationUITests/Info.plist";
				LD_RUNPATH_SEARCH_PATHS = "$(inherited) @executable_path/Frameworks @loader_path/Frameworks";
				PRODUCT_BUNDLE_IDENTIFIER = "edu.sdsu.vyshak.SDSU-Class-RegistrationUITests";
				PRODUCT_NAME = "$(TARGET_NAME)";
				SWIFT_VERSION = 4.0;
				TARGETED_DEVICE_FAMILY = "1,2";
				TEST_TARGET_NAME = "SDSU Class Registration";
			};
			name = Debug;
		};
		E837886520775FB900CCF15C /* Release */ = {
			isa = XCBuildConfiguration;
			buildSettings = {
				ALWAYS_EMBED_SWIFT_STANDARD_LIBRARIES = YES;
				CODE_SIGN_STYLE = Automatic;
				INFOPLIST_FILE = "SDSU Class RegistrationUITests/Info.plist";
				LD_RUNPATH_SEARCH_PATHS = "$(inherited) @executable_path/Frameworks @loader_path/Frameworks";
				PRODUCT_BUNDLE_IDENTIFIER = "edu.sdsu.vyshak.SDSU-Class-RegistrationUITests";
				PRODUCT_NAME = "$(TARGET_NAME)";
				SWIFT_VERSION = 4.0;
				TARGETED_DEVICE_FAMILY = "1,2";
				TEST_TARGET_NAME = "SDSU Class Registration";
			};
			name = Release;
		};
/* End XCBuildConfiguration section */

/* Begin XCConfigurationList section */
		E837883020775FB800CCF15C /* Build configuration list for PBXProject "SDSU Class Registration" */ = {
			isa = XCConfigurationList;
			buildConfigurations = (
				E837885B20775FB900CCF15C /* Debug */,
				E837885C20775FB900CCF15C /* Release */,
			);
			defaultConfigurationIsVisible = 0;
			defaultConfigurationName = Release;
		};
		E837885D20775FB900CCF15C /* Build configuration list for PBXNativeTarget "SDSU Class Registration" */ = {
			isa = XCConfigurationList;
			buildConfigurations = (
				E837885E20775FB900CCF15C /* Debug */,
				E837885F20775FB900CCF15C /* Release */,
			);
			defaultConfigurationIsVisible = 0;
			defaultConfigurationName = Release;
		};
		E837886020775FB900CCF15C /* Build configuration list for PBXNativeTarget "SDSU Class RegistrationTests" */ = {
			isa = XCConfigurationList;
			buildConfigurations = (
				E837886120775FB900CCF15C /* Debug */,
				E837886220775FB900CCF15C /* Release */,
			);
			defaultConfigurationIsVisible = 0;
			defaultConfigurationName = Release;
		};
		E837886320775FB900CCF15C /* Build configuration list for PBXNativeTarget "SDSU Class RegistrationUITests" */ = {
			isa = XCConfigurationList;
			buildConfigurations = (
				E837886420775FB900CCF15C /* Debug */,
				E837886520775FB900CCF15C /* Release */,
			);
			defaultConfigurationIsVisible = 0;
			defaultConfigurationName = Release;
		};
/* End XCConfigurationList section */
	};
	rootObject = E837882D20775FB800CCF15C /* Project object */;
}
